
Microsoft Visual Studio Solution File, Format Version 12.00
# Visual Studio 2012
Project("{FAE04EC0-301F-11D3-BF4B-00C04F79EFBC}") = "TableViewDemo", "TableViewDemo.csproj", "{565795C1-6B3D-4060-B83D-5DE75C6F151E}"
EndProject
Global
	GlobalSection(SolutionConfigurationPlatforms) = preSolution
		Debug|iPhoneSimulator = Debug|iPhoneSimulator
		Release|iPhone = Release|iPhone
		Release|iPhoneSimulator = Release|iPhoneSimulator
		Debug|iPhone = Debug|iPhone
	EndGlobalSection
	GlobalSection(ProjectConfigurationPlatforms) = postSolution
		{565795C1-6B3D-4060-B83D-5DE75C6F151E}.Debug|iPhone.ActiveCfg = Debug|iPhone
		{565795C1-6B3D-4060-B83D-5DE75C6F151E}.Debug|iPhone.Build.0 = Debug|iPhone
		{565795C1-6B3D-4060-B83D-5DE75C6F151E}.Debug|iPhoneSimulator.ActiveCfg = Debug|iPhoneSimulator
		{565795C1-6B3D-4060-B83D-5DE75C6F151E}.Debug|iPhoneSimulator.Build.0 = Debug|iPhoneSimulator
		{565795C1-6B3D-4060-B83D-5DE75C6F151E}.Release|iPhone.ActiveCfg = Release|iPhone
		{565795C1-6B3D-4060-B83D-5DE75C6F151E}.Release|iPhone.Build.0 = Release|iPhone
		{565795C1-6B3D-4060-B83D-5DE75C6F151E}.Release|iPhoneSimulator.ActiveCfg = Release|iPhoneSimulator
		{565795C1-6B3D-4060-B83D-5DE75C6F151E}.Release|iPhoneSimulator.Build.0 = Release|iPhoneSimulator
	EndGlobalSection
EndGlobal
